// !$*UTF8*$!
{
	archiveVersion = 1;
	classes = {
	};
	objectVersion = 55;
	objects = {

/* Begin PBXBuildFile section */
		237669B72851FFEA00D62A19 /* AppDelegate.swift in Sources */ = {isa = PBXBuildFile; fileRef = 237669B62851FFEA00D62A19 /* AppDelegate.swift */; };
		237669B92851FFEA00D62A19 /* SceneDelegate.swift in Sources */ = {isa = PBXBuildFile; fileRef = 237669B82851FFEA00D62A19 /* SceneDelegate.swift */; };
		237669BB2851FFEA00D62A19 /* ViewController.swift in Sources */ = {isa = PBXBuildFile; fileRef = 237669BA2851FFEA00D62A19 /* ViewController.swift */; };
		237669BE2851FFEA00D62A19 /* Main.storyboard in Resources */ = {isa = PBXBuildFile; fileRef = 237669BC2851FFEA00D62A19 /* Main.storyboard */; };
		237669C02851FFEB00D62A19 /* Assets.xcassets in Resources */ = {isa = PBXBuildFile; fileRef = 237669BF2851FFEB00D62A19 /* Assets.xcassets */; };
		237669C32851FFEB00D62A19 /* LaunchScreen.storyboard in Resources */ = {isa = PBXBuildFile; fileRef = 237669C12851FFEB00D62A19 /* LaunchScreen.storyboard */; };
		237669D02852035900D62A19 /* ServerTransportViewController.swift in Sources */ = {isa = PBXBuildFile; fileRef = 237669CF2852035900D62A19 /* ServerTransportViewController.swift */; };
		237669D5285203CA00D62A19 /* APIManager.swift in Sources */ = {isa = PBXBuildFile; fileRef = 237669D4285203CA00D62A19 /* APIManager.swift */; };
		237669D7285204BC00D62A19 /* ServerTransportViewController.storyboard in Resources */ = {isa = PBXBuildFile; fileRef = 237669D6285204BC00D62A19 /* ServerTransportViewController.storyboard */; };
		54BE4C883245FEEDE0C4BD6D /* Pods_NearbyInteraction_Sandbox.framework in Frameworks */ = {isa = PBXBuildFile; fileRef = F1A9290DF84692395A232287 /* Pods_NearbyInteraction_Sandbox.framework */; };
/* End PBXBuildFile section */

/* Begin PBXFileReference section */
		237669B32851FFEA00D62A19 /* NearbyInteraction-Sandbox.app */ = {isa = PBXFileReference; explicitFileType = wrapper.application; includeInIndex = 0; path = "NearbyInteraction-Sandbox.app"; sourceTree = BUILT_PRODUCTS_DIR; };
		237669B62851FFEA00D62A19 /* AppDelegate.swift */ = {isa = PBXFileReference; lastKnownFileType = sourcecode.swift; path = AppDelegate.swift; sourceTree = "<group>"; };
		237669B82851FFEA00D62A19 /* SceneDelegate.swift */ = {isa = PBXFileReference; lastKnownFileType = sourcecode.swift; path = SceneDelegate.swift; sourceTree = "<group>"; };
		237669BA2851FFEA00D62A19 /* ViewController.swift */ = {isa = PBXFileReference; lastKnownFileType = sourcecode.swift; path = ViewController.swift; sourceTree = "<group>"; };
		237669BD2851FFEA00D62A19 /* Base */ = {isa = PBXFileReference; lastKnownFileType = file.storyboard; name = Base; path = Base.lproj/Main.storyboard; sourceTree = "<group>"; };
		237669BF2851FFEB00D62A19 /* Assets.xcassets */ = {isa = PBXFileReference; lastKnownFileType = folder.assetcatalog; path = Assets.xcassets; sourceTree = "<group>"; };
		237669C22851FFEB00D62A19 /* Base */ = {isa = PBXFileReference; lastKnownFileType = file.storyboard; name = Base; path = Base.lproj/LaunchScreen.storyboard; sourceTree = "<group>"; };
		237669C42851FFEB00D62A19 /* Info.plist */ = {isa = PBXFileReference; lastKnownFileType = text.plist.xml; path = Info.plist; sourceTree = "<group>"; };
		237669CF2852035900D62A19 /* ServerTransportViewController.swift */ = {isa = PBXFileReference; lastKnownFileType = sourcecode.swift; path = ServerTransportViewController.swift; sourceTree = SOURCE_ROOT; };
		237669D4285203CA00D62A19 /* APIManager.swift */ = {isa = PBXFileReference; lastKnownFileType = sourcecode.swift; path = APIManager.swift; sourceTree = "<group>"; };
		237669D6285204BC00D62A19 /* ServerTransportViewController.storyboard */ = {isa = PBXFileReference; lastKnownFileType = file.storyboard; path = ServerTransportViewController.storyboard; sourceTree = "<group>"; };
		C8D511A2A4CD245BAAFE3CED /* Pods-NearbyInteraction-Sandbox.debug.xcconfig */ = {isa = PBXFileReference; includeInIndex = 1; lastKnownFileType = text.xcconfig; name = "Pods-NearbyInteraction-Sandbox.debug.xcconfig"; path = "Target Support Files/Pods-NearbyInteraction-Sandbox/Pods-NearbyInteraction-Sandbox.debug.xcconfig"; sourceTree = "<group>"; };
		CA70C952E5387DA5D00DE0A8 /* Pods-NearbyInteraction-Sandbox.release.xcconfig */ = {isa = PBXFileReference; includeInIndex = 1; lastKnownFileType = text.xcconfig; name = "Pods-NearbyInteraction-Sandbox.release.xcconfig"; path = "Target Support Files/Pods-NearbyInteraction-Sandbox/Pods-NearbyInteraction-Sandbox.release.xcconfig"; sourceTree = "<group>"; };
		F1A9290DF84692395A232287 /* Pods_NearbyInteraction_Sandbox.framework */ = {isa = PBXFileReference; explicitFileType = wrapper.framework; includeInIndex = 0; path = Pods_NearbyInteraction_Sandbox.framework; sourceTree = BUILT_PRODUCTS_DIR; };
/* End PBXFileReference section */

/* Begin PBXFrameworksBuildPhase section */
		237669B02851FFEA00D62A19 /* Frameworks */ = {
			isa = PBXFrameworksBuildPhase;
			buildActionMask = 2147483647;
			files = (
				54BE4C883245FEEDE0C4BD6D /* Pods_NearbyInteraction_Sandbox.framework in Frameworks */,
			);
			runOnlyForDeploymentPostprocessing = 0;
		};
/* End PBXFrameworksBuildPhase section */

/* Begin PBXGroup section */
		237669AA2851FFEA00D62A19 = {
			isa = PBXGroup;
			children = (
				237669B52851FFEA00D62A19 /* NearbyInteraction-Sandbox */,
				237669B42851FFEA00D62A19 /* Products */,
				74817C73BD144E915C849796 /* Pods */,
				D1C4B7C39D3EDBB6B88B06AE /* Frameworks */,
			);
			sourceTree = "<group>";
		};
		237669B42851FFEA00D62A19 /* Products */ = {
			isa = PBXGroup;
			children = (
				237669B32851FFEA00D62A19 /* NearbyInteraction-Sandbox.app */,
			);
			name = Products;
			sourceTree = "<group>";
		};
		237669B52851FFEA00D62A19 /* NearbyInteraction-Sandbox */ = {
			isa = PBXGroup;
			children = (
				237669CA2851FFFB00D62A19 /* Application */,
				237669D3285203BA00D62A19 /* API */,
				237669CC2852008000D62A19 /* WelcomeScreen */,
				237669CE285200EC00D62A19 /* MultipeerTransportScreen */,
				237669CD285200D000D62A19 /* ServerTransportViewController */,
				237669CB2852000600D62A19 /* Resources */,
			);
			path = "NearbyInteraction-Sandbox";
			sourceTree = "<group>";
		};
		237669CA2851FFFB00D62A19 /* Application */ = {
			isa = PBXGroup;
			children = (
				237669B62851FFEA00D62A19 /* AppDelegate.swift */,
				237669B82851FFEA00D62A19 /* SceneDelegate.swift */,
			);
			path = Application;
			sourceTree = "<group>";
		};
		237669CB2852000600D62A19 /* Resources */ = {
			isa = PBXGroup;
			children = (
				237669BF2851FFEB00D62A19 /* Assets.xcassets */,
				237669C12851FFEB00D62A19 /* LaunchScreen.storyboard */,
				237669C42851FFEB00D62A19 /* Info.plist */,
			);
			path = Resources;
			sourceTree = "<group>";
		};
		237669CC2852008000D62A19 /* WelcomeScreen */ = {
			isa = PBXGroup;
			children = (
				237669BA2851FFEA00D62A19 /* ViewController.swift */,
				237669BC2851FFEA00D62A19 /* Main.storyboard */,
			);
			path = WelcomeScreen;
			sourceTree = "<group>";
		};
		237669CD285200D000D62A19 /* ServerTransportViewController */ = {
			isa = PBXGroup;
			children = (
				237669CF2852035900D62A19 /* ServerTransportViewController.swift */,
				237669D6285204BC00D62A19 /* ServerTransportViewController.storyboard */,
			);
			path = ServerTransportViewController;
			sourceTree = "<group>";
		};
		237669CE285200EC00D62A19 /* MultipeerTransportScreen */ = {
			isa = PBXGroup;
			children = (
			);
			path = MultipeerTransportScreen;
			sourceTree = "<group>";
		};
		237669D3285203BA00D62A19 /* API */ = {
			isa = PBXGroup;
			children = (
				237669D4285203CA00D62A19 /* APIManager.swift */,
			);
			path = API;
			sourceTree = "<group>";
		};
		74817C73BD144E915C849796 /* Pods */ = {
			isa = PBXGroup;
			children = (
				C8D511A2A4CD245BAAFE3CED /* Pods-NearbyInteraction-Sandbox.debug.xcconfig */,
				CA70C952E5387DA5D00DE0A8 /* Pods-NearbyInteraction-Sandbox.release.xcconfig */,
			);
			path = Pods;
			sourceTree = "<group>";
		};
		D1C4B7C39D3EDBB6B88B06AE /* Frameworks */ = {
			isa = PBXGroup;
			children = (
				F1A9290DF84692395A232287 /* Pods_NearbyInteraction_Sandbox.framework */,
			);
			name = Frameworks;
			sourceTree = "<group>";
		};
/* End PBXGroup section */

/* Begin PBXNativeTarget section */
		237669B22851FFEA00D62A19 /* NearbyInteraction-Sandbox */ = {
			isa = PBXNativeTarget;
			buildConfigurationList = 237669C72851FFEB00D62A19 /* Build configuration list for PBXNativeTarget "NearbyInteraction-Sandbox" */;
			buildPhases = (
				E0DAAACF4042F4778CC92F95 /* [CP] Check Pods Manifest.lock */,
				237669AF2851FFEA00D62A19 /* Sources */,
				237669B02851FFEA00D62A19 /* Frameworks */,
				237669B12851FFEA00D62A19 /* Resources */,
				94FE85ECCDAFEE5EC3543D50 /* [CP] Embed Pods Frameworks */,
			);
			buildRules = (
			);
			dependencies = (
			);
			name = "NearbyInteraction-Sandbox";
			productName = "NearbyInteraction-Sandbox";
			productReference = 237669B32851FFEA00D62A19 /* NearbyInteraction-Sandbox.app */;
			productType = "com.apple.product-type.application";
		};
/* End PBXNativeTarget section */

/* Begin PBXProject section */
		237669AB2851FFEA00D62A19 /* Project object */ = {
			isa = PBXProject;
			attributes = {
				BuildIndependentTargetsInParallel = 1;
				LastSwiftUpdateCheck = 1320;
				LastUpgradeCheck = 1320;
				TargetAttributes = {
					237669B22851FFEA00D62A19 = {
						CreatedOnToolsVersion = 13.2.1;
					};
				};
			};
			buildConfigurationList = 237669AE2851FFEA00D62A19 /* Build configuration list for PBXProject "NearbyInteraction-Sandbox" */;
			compatibilityVersion = "Xcode 13.0";
			developmentRegion = en;
			hasScannedForEncodings = 0;
			knownRegions = (
				en,
				Base,
			);
			mainGroup = 237669AA2851FFEA00D62A19;
			productRefGroup = 237669B42851FFEA00D62A19 /* Products */;
			projectDirPath = "";
			projectRoot = "";
			targets = (
				237669B22851FFEA00D62A19 /* NearbyInteraction-Sandbox */,
			);
		};
/* End PBXProject section */

/* Begin PBXResourcesBuildPhase section */
		237669B12851FFEA00D62A19 /* Resources */ = {
			isa = PBXResourcesBuildPhase;
			buildActionMask = 2147483647;
			files = (
				237669C32851FFEB00D62A19 /* LaunchScreen.storyboard in Resources */,
				237669C02851FFEB00D62A19 /* Assets.xcassets in Resources */,
				237669D7285204BC00D62A19 /* ServerTransportViewController.storyboard in Resources */,
				237669BE2851FFEA00D62A19 /* Main.storyboard in Resources */,
			);
			runOnlyForDeploymentPostprocessing = 0;
		};
/* End PBXResourcesBuildPhase section */

/* Begin PBXShellScriptBuildPhase section */
		94FE85ECCDAFEE5EC3543D50 /* [CP] Embed Pods Frameworks */ = {
			isa = PBXShellScriptBuildPhase;
			buildActionMask = 2147483647;
			files = (
			);
			inputFileListPaths = (
				"${PODS_ROOT}/Target Support Files/Pods-NearbyInteraction-Sandbox/Pods-NearbyInteraction-Sandbox-frameworks-${CONFIGURATION}-input-files.xcfilelist",
			);
			name = "[CP] Embed Pods Frameworks";
			outputFileListPaths = (
				"${PODS_ROOT}/Target Support Files/Pods-NearbyInteraction-Sandbox/Pods-NearbyInteraction-Sandbox-frameworks-${CONFIGURATION}-output-files.xcfilelist",
			);
			runOnlyForDeploymentPostprocessing = 0;
			shellPath = /bin/sh;
			shellScript = "\"${PODS_ROOT}/Target Support Files/Pods-NearbyInteraction-Sandbox/Pods-NearbyInteraction-Sandbox-frameworks.sh\"\n";
			showEnvVarsInLog = 0;
		};
		E0DAAACF4042F4778CC92F95 /* [CP] Check Pods Manifest.lock */ = {
			isa = PBXShellScriptBuildPhase;
			buildActionMask = 2147483647;
			files = (
			);
			inputFileListPaths = (
			);
			inputPaths = (
				"${PODS_PODFILE_DIR_PATH}/Podfile.lock",
				"${PODS_ROOT}/Manifest.lock",
			);
			name = "[CP] Check Pods Manifest.lock";
			outputFileListPaths = (
			);
			outputPaths = (
				"$(DERIVED_FILE_DIR)/Pods-NearbyInteraction-Sandbox-checkManifestLockResult.txt",
			);
			runOnlyForDeploymentPostprocessing = 0;
			shellPath = /bin/sh;
			shellScript = "diff \"${PODS_PODFILE_DIR_PATH}/Podfile.lock\" \"${PODS_ROOT}/Manifest.lock\" > /dev/null\nif [ $? != 0 ] ; then\n    # print error to STDERR\n    echo \"error: The sandbox is not in sync with the Podfile.lock. Run 'pod install' or update your CocoaPods installation.\" >&2\n    exit 1\nfi\n# This output is used by Xcode 'outputs' to avoid re-running this script phase.\necho \"SUCCESS\" > \"${SCRIPT_OUTPUT_FILE_0}\"\n";
			showEnvVarsInLog = 0;
		};
/* End PBXShellScriptBuildPhase section */

/* Begin PBXSourcesBuildPhase section */
		237669AF2851FFEA00D62A19 /* Sources */ = {
			isa = PBXSourcesBuildPhase;
			buildActionMask = 2147483647;
			files = (
				237669BB2851FFEA00D62A19 /* ViewController.swift in Sources */,
				237669B72851FFEA00D62A19 /* AppDelegate.swift in Sources */,
				237669D5285203CA00D62A19 /* APIManager.swift in Sources */,
				237669D02852035900D62A19 /* ServerTransportViewController.swift in Sources */,
				237669B92851FFEA00D62A19 /* SceneDelegate.swift in Sources */,
			);
			runOnlyForDeploymentPostprocessing = 0;
		};
/* End PBXSourcesBuildPhase section */

/* Begin PBXVariantGroup section */
		237669BC2851FFEA00D62A19 /* Main.storyboard */ = {
			isa = PBXVariantGroup;
			children = (
				237669BD2851FFEA00D62A19 /* Base */,
			);
			name = Main.storyboard;
			sourceTree = "<group>";
		};
		237669C12851FFEB00D62A19 /* LaunchScreen.storyboard */ = {
			isa = PBXVariantGroup;
			children = (
				237669C22851FFEB00D62A19 /* Base */,
			);
			name = LaunchScreen.storyboard;
			sourceTree = "<group>";
		};
/* End PBXVariantGroup section */

/* Begin XCBuildConfiguration section */
		237669C52851FFEB00D62A19 /* Debug */ = {
			isa = XCBuildConfiguration;
			buildSettings = {
				ALWAYS_SEARCH_USER_PATHS = NO;
				CLANG_ANALYZER_NONNULL = YES;
				CLANG_ANALYZER_NUMBER_OBJECT_CONVERSION = YES_AGGRESSIVE;
				CLANG_CXX_LANGUAGE_STANDARD = "gnu++17";
				CLANG_CXX_LIBRARY = "libc++";
				CLANG_ENABLE_MODULES = YES;
				CLANG_ENABLE_OBJC_ARC = YES;
				CLANG_ENABLE_OBJC_WEAK = YES;
				CLANG_WARN_BLOCK_CAPTURE_AUTORELEASING = YES;
				CLANG_WARN_BOOL_CONVERSION = YES;
				CLANG_WARN_COMMA = YES;
				CLANG_WARN_CONSTANT_CONVERSION = YES;
				CLANG_WARN_DEPRECATED_OBJC_IMPLEMENTATIONS = YES;
				CLANG_WARN_DIRECT_OBJC_ISA_USAGE = YES_ERROR;
				CLANG_WARN_DOCUMENTATION_COMMENTS = YES;
				CLANG_WARN_EMPTY_BODY = YES;
				CLANG_WARN_ENUM_CONVERSION = YES;
				CLANG_WARN_INFINITE_RECURSION = YES;
				CLANG_WARN_INT_CONVERSION = YES;
				CLANG_WARN_NON_LITERAL_NULL_CONVERSION = YES;
				CLANG_WARN_OBJC_IMPLICIT_RETAIN_SELF = YES;
				CLANG_WARN_OBJC_LITERAL_CONVERSION = YES;
				CLANG_WARN_OBJC_ROOT_CLASS = YES_ERROR;
				CLANG_WARN_QUOTED_INCLUDE_IN_FRAMEWORK_HEADER = YES;
				CLANG_WARN_RANGE_LOOP_ANALYSIS = YES;
				CLANG_WARN_STRICT_PROTOTYPES = YES;
				CLANG_WARN_SUSPICIOUS_MOVE = YES;
				CLANG_WARN_UNGUARDED_AVAILABILITY = YES_AGGRESSIVE;
				CLANG_WARN_UNREACHABLE_CODE = YES;
				CLANG_WARN__DUPLICATE_METHOD_MATCH = YES;
				COPY_PHASE_STRIP = NO;
				DEBUG_INFORMATION_FORMAT = dwarf;
				ENABLE_STRICT_OBJC_MSGSEND = YES;
				ENABLE_TESTABILITY = YES;
				GCC_C_LANGUAGE_STANDARD = gnu11;
				GCC_DYNAMIC_NO_PIC = NO;
				GCC_NO_COMMON_BLOCKS = YES;
				GCC_OPTIMIZATION_LEVEL = 0;
				GCC_PREPROCESSOR_DEFINITIONS = (
					"DEBUG=1",
					"$(inherited)",
				);
				GCC_WARN_64_TO_32_BIT_CONVERSION = YES;
				GCC_WARN_ABOUT_RETURN_TYPE = YES_ERROR;
				GCC_WARN_UNDECLARED_SELECTOR = YES;
				GCC_WARN_UNINITIALIZED_AUTOS = YES_AGGRESSIVE;
				GCC_WARN_UNUSED_FUNCTION = YES;
				GCC_WARN_UNUSED_VARIABLE = YES;
				IPHONEOS_DEPLOYMENT_TARGET = 15.2;
				MTL_ENABLE_DEBUG_INFO = INCLUDE_SOURCE;
				MTL_FAST_MATH = YES;
				ONLY_ACTIVE_ARCH = YES;
				SDKROOT = iphoneos;
				SWIFT_ACTIVE_COMPILATION_CONDITIONS = DEBUG;
				SWIFT_OPTIMIZATION_LEVEL = "-Onone";
			};
			name = Debug;
		};
		237669C62851FFEB00D62A19 /* Release */ = {
			isa = XCBuildConfiguration;
			buildSettings = {
				ALWAYS_SEARCH_USER_PATHS = NO;
				CLANG_ANALYZER_NONNULL = YES;
				CLANG_ANALYZER_NUMBER_OBJECT_CONVERSION = YES_AGGRESSIVE;
				CLANG_CXX_LANGUAGE_STANDARD = "gnu++17";
				CLANG_CXX_LIBRARY = "libc++";
				CLANG_ENABLE_MODULES = YES;
				CLANG_ENABLE_OBJC_ARC = YES;
				CLANG_ENABLE_OBJC_WEAK = YES;
				CLANG_WARN_BLOCK_CAPTURE_AUTORELEASING = YES;
				CLANG_WARN_BOOL_CONVERSION = YES;
				CLANG_WARN_COMMA = YES;
				CLANG_WARN_CONSTANT_CONVERSION = YES;
				CLANG_WARN_DEPRECATED_OBJC_IMPLEMENTATIONS = YES;
				CLANG_WARN_DIRECT_OBJC_ISA_USAGE = YES_ERROR;
				CLANG_WARN_DOCUMENTATION_COMMENTS = YES;
				CLANG_WARN_EMPTY_BODY = YES;
				CLANG_WARN_ENUM_CONVERSION = YES;
				CLANG_WARN_INFINITE_RECURSION = YES;
				CLANG_WARN_INT_CONVERSION = YES;
				CLANG_WARN_NON_LITERAL_NULL_CONVERSION = YES;
				CLANG_WARN_OBJC_IMPLICIT_RETAIN_SELF = YES;
				CLANG_WARN_OBJC_LITERAL_CONVERSION = YES;
				CLANG_WARN_OBJC_ROOT_CLASS = YES_ERROR;
				CLANG_WARN_QUOTED_INCLUDE_IN_FRAMEWORK_HEADER = YES;
				CLANG_WARN_RANGE_LOOP_ANALYSIS = YES;
				CLANG_WARN_STRICT_PROTOTYPES = YES;
				CLANG_WARN_SUSPICIOUS_MOVE = YES;
				CLANG_WARN_UNGUARDED_AVAILABILITY = YES_AGGRESSIVE;
				CLANG_WARN_UNREACHABLE_CODE = YES;
				CLANG_WARN__DUPLICATE_METHOD_MATCH = YES;
				COPY_PHASE_STRIP = NO;
				DEBUG_INFORMATION_FORMAT = "dwarf-with-dsym";
				ENABLE_NS_ASSERTIONS = NO;
				ENABLE_STRICT_OBJC_MSGSEND = YES;
				GCC_C_LANGUAGE_STANDARD = gnu11;
				GCC_NO_COMMON_BLOCKS = YES;
				GCC_WARN_64_TO_32_BIT_CONVERSION = YES;
				GCC_WARN_ABOUT_RETURN_TYPE = YES_ERROR;
				GCC_WARN_UNDECLARED_SELECTOR = YES;
				GCC_WARN_UNINITIALIZED_AUTOS = YES_AGGRESSIVE;
				GCC_WARN_UNUSED_FUNCTION = YES;
				GCC_WARN_UNUSED_VARIABLE = YES;
				IPHONEOS_DEPLOYMENT_TARGET = 15.2;
				MTL_ENABLE_DEBUG_INFO = NO;
				MTL_FAST_MATH = YES;
				SDKROOT = iphoneos;
				SWIFT_COMPILATION_MODE = wholemodule;
				SWIFT_OPTIMIZATION_LEVEL = "-O";
				VALIDATE_PRODUCT = YES;
			};
			name = Release;
		};
		237669C82851FFEB00D62A19 /* Debug */ = {
			isa = XCBuildConfiguration;
			baseConfigurationReference = C8D511A2A4CD245BAAFE3CED /* Pods-NearbyInteraction-Sandbox.debug.xcconfig */;
			buildSettings = {
				ASSETCATALOG_COMPILER_APPICON_NAME = AppIcon;
				ASSETCATALOG_COMPILER_GLOBAL_ACCENT_COLOR_NAME = AccentColor;
				CODE_SIGN_STYLE = Automatic;
				CURRENT_PROJECT_VERSION = 1;
				DEVELOPMENT_TEAM = S256F93A4R;
				GENERATE_INFOPLIST_FILE = YES;
				INFOPLIST_FILE = "NearbyInteraction-Sandbox/Resources/Info.plist";
				INFOPLIST_KEY_UIApplicationSupportsIndirectInputEvents = YES;
				INFOPLIST_KEY_UILaunchStoryboardName = LaunchScreen;
				INFOPLIST_KEY_UIMainStoryboardFile = Main;
				INFOPLIST_KEY_UISupportedInterfaceOrientations_iPad = "UIInterfaceOrientationPortrait UIInterfaceOrientationPortraitUpsideDown UIInterfaceOrientationLandscapeLeft UIInterfaceOrientationLandscapeRight";
				INFOPLIST_KEY_UISupportedInterfaceOrientations_iPhone = "UIInterfaceOrientationPortrait UIInterfaceOrientationLandscapeLeft UIInterfaceOrientationLandscapeRight";
				LD_RUNPATH_SEARCH_PATHS = (
					"$(inherited)",
					"@executable_path/Frameworks",
				);
				MARKETING_VERSION = 1.0;
				PRODUCT_BUNDLE_IDENTIFIER = "pressanykeyplease.NearbyInteraction-Sandbox";
				PRODUCT_NAME = "$(TARGET_NAME)";
				SWIFT_EMIT_LOC_STRINGS = YES;
				SWIFT_VERSION = 5.0;
				TARGETED_DEVICE_FAMILY = "1,2";
			};
			name = Debug;
		};
		237669C92851FFEB00D62A19 /* Release */ = {
			isa = XCBuildConfiguration;
			baseConfigurationReference = CA70C952E5387DA5D00DE0A8 /* Pods-NearbyInteraction-Sandbox.release.xcconfig */;
			buildSettings = {
				ASSETCATALOG_COMPILER_APPICON_NAME = AppIcon;
				ASSETCATALOG_COMPILER_GLOBAL_ACCENT_COLOR_NAME = AccentColor;
				CODE_SIGN_STYLE = Automatic;
				CURRENT_PROJECT_VERSION = 1;
				DEVELOPMENT_TEAM = S256F93A4R;
				GENERATE_INFOPLIST_FILE = YES;
				INFOPLIST_FILE = "NearbyInteraction-Sandbox/Resources/Info.plist";
				INFOPLIST_KEY_UIApplicationSupportsIndirectInputEvents = YES;
				INFOPLIST_KEY_UILaunchStoryboardName = LaunchScreen;
				INFOPLIST_KEY_UIMainStoryboardFile = Main;
				INFOPLIST_KEY_UISupportedInterfaceOrientations_iPad = "UIInterfaceOrientationPortrait UIInterfaceOrientationPortraitUpsideDown UIInterfaceOrientationLandscapeLeft UIInterfaceOrientationLandscapeRight";
				INFOPLIST_KEY_UISupportedInterfaceOrientations_iPhone = "UIInterfaceOrientationPortrait UIInterfaceOrientationLandscapeLeft UIInterfaceOrientationLandscapeRight";
				LD_RUNPATH_SEARCH_PATHS = (
					"$(inherited)",
					"@executable_path/Frameworks",
				);
				MARKETING_VERSION = 1.0;
				PRODUCT_BUNDLE_IDENTIFIER = "pressanykeyplease.NearbyInteraction-Sandbox";
				PRODUCT_NAME = "$(TARGET_NAME)";
				SWIFT_EMIT_LOC_STRINGS = YES;
				SWIFT_VERSION = 5.0;
				TARGETED_DEVICE_FAMILY = "1,2";
			};
			name = Release;
		};
/* End XCBuildConfiguration section */

/* Begin XCConfigurationList section */
		237669AE2851FFEA00D62A19 /* Build configuration list for PBXProject "NearbyInteraction-Sandbox" */ = {
			isa = XCConfigurationList;
			buildConfigurations = (
				237669C52851FFEB00D62A19 /* Debug */,
				237669C62851FFEB00D62A19 /* Release */,
			);
			defaultConfigurationIsVisible = 0;
			defaultConfigurationName = Release;
		};
		237669C72851FFEB00D62A19 /* Build configuration list for PBXNativeTarget "NearbyInteraction-Sandbox" */ = {
			isa = XCConfigurationList;
			buildConfigurations = (
				237669C82851FFEB00D62A19 /* Debug */,
				237669C92851FFEB00D62A19 /* Release */,
			);
			defaultConfigurationIsVisible = 0;
			defaultConfigurationName = Release;
		};
/* End XCConfigurationList section */
	};
	rootObject = 237669AB2851FFEA00D62A19 /* Project object */;
}
