// !$*UTF8*$!
{
	archiveVersion = 1;
	classes = {
	};
	objectVersion = 55;
	objects = {

/* Begin PBXBuildFile section */
		2319363E28A3DF26000F7365 /* SandboxDTO.swift in Sources */ = {isa = PBXBuildFile; fileRef = 2319363D28A3DF26000F7365 /* SandboxDTO.swift */; };
		2319364028A4CC8B000F7365 /* MultipeerConnectionState.swift in Sources */ = {isa = PBXBuildFile; fileRef = 2319363F28A4CC8B000F7365 /* MultipeerConnectionState.swift */; };
		234B019928AADC9D000F55F1 /* MultipeerSettingsViewController.swift in Sources */ = {isa = PBXBuildFile; fileRef = 234B019828AADC9D000F55F1 /* MultipeerSettingsViewController.swift */; };
		234B019B28AADCA8000F55F1 /* MultipeerSettingsViewController.storyboard in Resources */ = {isa = PBXBuildFile; fileRef = 234B019A28AADCA8000F55F1 /* MultipeerSettingsViewController.storyboard */; };
		235DC77C28ABCA95007E5E2E /* nisandbox-example.gif in Resources */ = {isa = PBXBuildFile; fileRef = 235DC77B28ABCA95007E5E2E /* nisandbox-example.gif */; };
		237669B72851FFEA00D62A19 /* AppDelegate.swift in Sources */ = {isa = PBXBuildFile; fileRef = 237669B62851FFEA00D62A19 /* AppDelegate.swift */; };
		237669B92851FFEA00D62A19 /* SceneDelegate.swift in Sources */ = {isa = PBXBuildFile; fileRef = 237669B82851FFEA00D62A19 /* SceneDelegate.swift */; };
		237669BB2851FFEA00D62A19 /* ViewController.swift in Sources */ = {isa = PBXBuildFile; fileRef = 237669BA2851FFEA00D62A19 /* ViewController.swift */; };
		237669BE2851FFEA00D62A19 /* Main.storyboard in Resources */ = {isa = PBXBuildFile; fileRef = 237669BC2851FFEA00D62A19 /* Main.storyboard */; };
		237669C02851FFEB00D62A19 /* Assets.xcassets in Resources */ = {isa = PBXBuildFile; fileRef = 237669BF2851FFEB00D62A19 /* Assets.xcassets */; };
		237669C32851FFEB00D62A19 /* LaunchScreen.storyboard in Resources */ = {isa = PBXBuildFile; fileRef = 237669C12851FFEB00D62A19 /* LaunchScreen.storyboard */; };
		237669D5285203CA00D62A19 /* APIManager.swift in Sources */ = {isa = PBXBuildFile; fileRef = 237669D4285203CA00D62A19 /* APIManager.swift */; };
		237669D7285204BC00D62A19 /* ServerViewController.storyboard in Resources */ = {isa = PBXBuildFile; fileRef = 237669D6285204BC00D62A19 /* ServerViewController.storyboard */; };
		237669D92852073900D62A19 /* ServerViewController.swift in Sources */ = {isa = PBXBuildFile; fileRef = 237669D82852073900D62A19 /* ServerViewController.swift */; };
		23D53730285AD575008328B0 /* MultipeerViewController.storyboard in Resources */ = {isa = PBXBuildFile; fileRef = 23D5372F285AD575008328B0 /* MultipeerViewController.storyboard */; };
		23D53732285AD57D008328B0 /* MultipeerViewController.swift in Sources */ = {isa = PBXBuildFile; fileRef = 23D53731285AD57D008328B0 /* MultipeerViewController.swift */; };
		23D53736285AEDF7008328B0 /* UIViewController+alert.swift in Sources */ = {isa = PBXBuildFile; fileRef = 23D53735285AEDF7008328B0 /* UIViewController+alert.swift */; };
		4216E049CACBFF781BFBB4A7 /* Pods_NearbyInteraction_Sandbox.framework in Frameworks */ = {isa = PBXBuildFile; fileRef = F9778A2D6698A0FF88E21805 /* Pods_NearbyInteraction_Sandbox.framework */; };
/* End PBXBuildFile section */

/* Begin PBXFileReference section */
		0B9D061B0B7E78FDCAD9B50D /* Pods-NearbyInteraction-Sandbox.debug.xcconfig */ = {isa = PBXFileReference; includeInIndex = 1; lastKnownFileType = text.xcconfig; name = "Pods-NearbyInteraction-Sandbox.debug.xcconfig"; path = "Target Support Files/Pods-NearbyInteraction-Sandbox/Pods-NearbyInteraction-Sandbox.debug.xcconfig"; sourceTree = "<group>"; };
		2319363D28A3DF26000F7365 /* SandboxDTO.swift */ = {isa = PBXFileReference; lastKnownFileType = sourcecode.swift; path = SandboxDTO.swift; sourceTree = "<group>"; };
		2319363F28A4CC8B000F7365 /* MultipeerConnectionState.swift */ = {isa = PBXFileReference; lastKnownFileType = sourcecode.swift; path = MultipeerConnectionState.swift; sourceTree = "<group>"; };
		234B019828AADC9D000F55F1 /* MultipeerSettingsViewController.swift */ = {isa = PBXFileReference; lastKnownFileType = sourcecode.swift; path = MultipeerSettingsViewController.swift; sourceTree = "<group>"; };
		234B019A28AADCA8000F55F1 /* MultipeerSettingsViewController.storyboard */ = {isa = PBXFileReference; lastKnownFileType = file.storyboard; path = MultipeerSettingsViewController.storyboard; sourceTree = "<group>"; };
		235DC77B28ABCA95007E5E2E /* nisandbox-example.gif */ = {isa = PBXFileReference; lastKnownFileType = image.gif; path = "nisandbox-example.gif"; sourceTree = "<group>"; };
		237669B32851FFEA00D62A19 /* NearbyInteraction-Sandbox.app */ = {isa = PBXFileReference; explicitFileType = wrapper.application; includeInIndex = 0; path = "NearbyInteraction-Sandbox.app"; sourceTree = BUILT_PRODUCTS_DIR; };
		237669B62851FFEA00D62A19 /* AppDelegate.swift */ = {isa = PBXFileReference; lastKnownFileType = sourcecode.swift; path = AppDelegate.swift; sourceTree = "<group>"; };
		237669B82851FFEA00D62A19 /* SceneDelegate.swift */ = {isa = PBXFileReference; lastKnownFileType = sourcecode.swift; path = SceneDelegate.swift; sourceTree = "<group>"; };
		237669BA2851FFEA00D62A19 /* ViewController.swift */ = {isa = PBXFileReference; lastKnownFileType = sourcecode.swift; path = ViewController.swift; sourceTree = "<group>"; };
		237669BD2851FFEA00D62A19 /* Base */ = {isa = PBXFileReference; lastKnownFileType = file.storyboard; name = Base; path = Base.lproj/Main.storyboard; sourceTree = "<group>"; };
		237669BF2851FFEB00D62A19 /* Assets.xcassets */ = {isa = PBXFileReference; lastKnownFileType = folder.assetcatalog; path = Assets.xcassets; sourceTree = "<group>"; };
		237669C22851FFEB00D62A19 /* Base */ = {isa = PBXFileReference; lastKnownFileType = file.storyboard; name = Base; path = Base.lproj/LaunchScreen.storyboard; sourceTree = "<group>"; };
		237669C42851FFEB00D62A19 /* Info.plist */ = {isa = PBXFileReference; lastKnownFileType = text.plist.xml; path = Info.plist; sourceTree = "<group>"; };
		237669D4285203CA00D62A19 /* APIManager.swift */ = {isa = PBXFileReference; lastKnownFileType = sourcecode.swift; path = APIManager.swift; sourceTree = "<group>"; };
		237669D6285204BC00D62A19 /* ServerViewController.storyboard */ = {isa = PBXFileReference; lastKnownFileType = file.storyboard; path = ServerViewController.storyboard; sourceTree = "<group>"; };
		237669D82852073900D62A19 /* ServerViewController.swift */ = {isa = PBXFileReference; fileEncoding = 4; lastKnownFileType = sourcecode.swift; path = ServerViewController.swift; sourceTree = "<group>"; };
		23D5372F285AD575008328B0 /* MultipeerViewController.storyboard */ = {isa = PBXFileReference; lastKnownFileType = file.storyboard; path = MultipeerViewController.storyboard; sourceTree = "<group>"; };
		23D53731285AD57D008328B0 /* MultipeerViewController.swift */ = {isa = PBXFileReference; lastKnownFileType = sourcecode.swift; path = MultipeerViewController.swift; sourceTree = "<group>"; };
		23D53735285AEDF7008328B0 /* UIViewController+alert.swift */ = {isa = PBXFileReference; lastKnownFileType = sourcecode.swift; path = "UIViewController+alert.swift"; sourceTree = "<group>"; };
		EE5327445737D93334F726ED /* Pods-NearbyInteraction-Sandbox.release.xcconfig */ = {isa = PBXFileReference; includeInIndex = 1; lastKnownFileType = text.xcconfig; name = "Pods-NearbyInteraction-Sandbox.release.xcconfig"; path = "Target Support Files/Pods-NearbyInteraction-Sandbox/Pods-NearbyInteraction-Sandbox.release.xcconfig"; sourceTree = "<group>"; };
		F9778A2D6698A0FF88E21805 /* Pods_NearbyInteraction_Sandbox.framework */ = {isa = PBXFileReference; explicitFileType = wrapper.framework; includeInIndex = 0; path = Pods_NearbyInteraction_Sandbox.framework; sourceTree = BUILT_PRODUCTS_DIR; };
/* End PBXFileReference section */

/* Begin PBXFrameworksBuildPhase section */
		237669B02851FFEA00D62A19 /* Frameworks */ = {
			isa = PBXFrameworksBuildPhase;
			buildActionMask = 2147483647;
			files = (
				4216E049CACBFF781BFBB4A7 /* Pods_NearbyInteraction_Sandbox.framework in Frameworks */,
			);
			runOnlyForDeploymentPostprocessing = 0;
		};
/* End PBXFrameworksBuildPhase section */

/* Begin PBXGroup section */
		234B019728AADC85000F55F1 /* MultipeerSettingsViewController */ = {
			isa = PBXGroup;
			children = (
				234B019828AADC9D000F55F1 /* MultipeerSettingsViewController.swift */,
				234B019A28AADCA8000F55F1 /* MultipeerSettingsViewController.storyboard */,
			);
			path = MultipeerSettingsViewController;
			sourceTree = "<group>";
		};
		237669AA2851FFEA00D62A19 = {
			isa = PBXGroup;
			children = (
				237669B52851FFEA00D62A19 /* NearbyInteraction-Sandbox */,
				237669B42851FFEA00D62A19 /* Products */,
				74817C73BD144E915C849796 /* Pods */,
				40C9722A1698735E63506F80 /* Frameworks */,
			);
			sourceTree = "<group>";
		};
		237669B42851FFEA00D62A19 /* Products */ = {
			isa = PBXGroup;
			children = (
				237669B32851FFEA00D62A19 /* NearbyInteraction-Sandbox.app */,
			);
			name = Products;
			sourceTree = "<group>";
		};
		237669B52851FFEA00D62A19 /* NearbyInteraction-Sandbox */ = {
			isa = PBXGroup;
			children = (
				237669CA2851FFFB00D62A19 /* Application */,
				237669D3285203BA00D62A19 /* API */,
				23D53733285AEDDD008328B0 /* Core */,
				237669CC2852008000D62A19 /* WelcomeScreen */,
				237669CE285200EC00D62A19 /* MultipeerViewController */,
				234B019728AADC85000F55F1 /* MultipeerSettingsViewController */,
				237669CD285200D000D62A19 /* ServerViewController */,
				237669CB2852000600D62A19 /* Resources */,
			);
			path = "NearbyInteraction-Sandbox";
			sourceTree = "<group>";
		};
		237669CA2851FFFB00D62A19 /* Application */ = {
			isa = PBXGroup;
			children = (
				237669B62851FFEA00D62A19 /* AppDelegate.swift */,
				237669B82851FFEA00D62A19 /* SceneDelegate.swift */,
			);
			path = Application;
			sourceTree = "<group>";
		};
		237669CB2852000600D62A19 /* Resources */ = {
			isa = PBXGroup;
			children = (
				235DC77B28ABCA95007E5E2E /* nisandbox-example.gif */,
				237669BF2851FFEB00D62A19 /* Assets.xcassets */,
				237669C12851FFEB00D62A19 /* LaunchScreen.storyboard */,
				237669C42851FFEB00D62A19 /* Info.plist */,
			);
			path = Resources;
			sourceTree = "<group>";
		};
		237669CC2852008000D62A19 /* WelcomeScreen */ = {
			isa = PBXGroup;
			children = (
				237669BA2851FFEA00D62A19 /* ViewController.swift */,
				237669BC2851FFEA00D62A19 /* Main.storyboard */,
			);
			path = WelcomeScreen;
			sourceTree = "<group>";
		};
		237669CD285200D000D62A19 /* ServerViewController */ = {
			isa = PBXGroup;
			children = (
				237669D82852073900D62A19 /* ServerViewController.swift */,
				237669D6285204BC00D62A19 /* ServerViewController.storyboard */,
			);
			path = ServerViewController;
			sourceTree = "<group>";
		};
		237669CE285200EC00D62A19 /* MultipeerViewController */ = {
			isa = PBXGroup;
			children = (
				23D53731285AD57D008328B0 /* MultipeerViewController.swift */,
				23D5372F285AD575008328B0 /* MultipeerViewController.storyboard */,
				2319363D28A3DF26000F7365 /* SandboxDTO.swift */,
				2319363F28A4CC8B000F7365 /* MultipeerConnectionState.swift */,
			);
			path = MultipeerViewController;
			sourceTree = "<group>";
		};
		237669D3285203BA00D62A19 /* API */ = {
			isa = PBXGroup;
			children = (
				237669D4285203CA00D62A19 /* APIManager.swift */,
			);
			path = API;
			sourceTree = "<group>";
		};
		23D53733285AEDDD008328B0 /* Core */ = {
			isa = PBXGroup;
			children = (
				23D53734285AEDE7008328B0 /* Extensions */,
			);
			path = Core;
			sourceTree = "<group>";
		};
		23D53734285AEDE7008328B0 /* Extensions */ = {
			isa = PBXGroup;
			children = (
				23D53735285AEDF7008328B0 /* UIViewController+alert.swift */,
			);
			path = Extensions;
			sourceTree = "<group>";
		};
		40C9722A1698735E63506F80 /* Frameworks */ = {
			isa = PBXGroup;
			children = (
				F9778A2D6698A0FF88E21805 /* Pods_NearbyInteraction_Sandbox.framework */,
			);
			name = Frameworks;
			sourceTree = "<group>";
		};
		74817C73BD144E915C849796 /* Pods */ = {
			isa = PBXGroup;
			children = (
				0B9D061B0B7E78FDCAD9B50D /* Pods-NearbyInteraction-Sandbox.debug.xcconfig */,
				EE5327445737D93334F726ED /* Pods-NearbyInteraction-Sandbox.release.xcconfig */,
			);
			path = Pods;
			sourceTree = "<group>";
		};
/* End PBXGroup section */

/* Begin PBXNativeTarget section */
		237669B22851FFEA00D62A19 /* NearbyInteraction-Sandbox */ = {
			isa = PBXNativeTarget;
			buildConfigurationList = 237669C72851FFEB00D62A19 /* Build configuration list for PBXNativeTarget "NearbyInteraction-Sandbox" */;
			buildPhases = (
				4E71476669422643EF83F324 /* [CP] Check Pods Manifest.lock */,
				237669AF2851FFEA00D62A19 /* Sources */,
				237669B02851FFEA00D62A19 /* Frameworks */,
				237669B12851FFEA00D62A19 /* Resources */,
				6D8F23041D804A25809E0102 /* [CP] Embed Pods Frameworks */,
			);
			buildRules = (
			);
			dependencies = (
			);
			name = "NearbyInteraction-Sandbox";
			productName = "NearbyInteraction-Sandbox";
			productReference = 237669B32851FFEA00D62A19 /* NearbyInteraction-Sandbox.app */;
			productType = "com.apple.product-type.application";
		};
/* End PBXNativeTarget section */

/* Begin PBXProject section */
		237669AB2851FFEA00D62A19 /* Project object */ = {
			isa = PBXProject;
			attributes = {
				BuildIndependentTargetsInParallel = 1;
				LastSwiftUpdateCheck = 1320;
				LastUpgradeCheck = 1320;
				TargetAttributes = {
					237669B22851FFEA00D62A19 = {
						CreatedOnToolsVersion = 13.2.1;
					};
				};
			};
			buildConfigurationList = 237669AE2851FFEA00D62A19 /* Build configuration list for PBXProject "NearbyInteraction-Sandbox" */;
			compatibilityVersion = "Xcode 13.0";
			developmentRegion = en;
			hasScannedForEncodings = 0;
			knownRegions = (
				en,
				Base,
			);
			mainGroup = 237669AA2851FFEA00D62A19;
			productRefGroup = 237669B42851FFEA00D62A19 /* Products */;
			projectDirPath = "";
			projectRoot = "";
			targets = (
				237669B22851FFEA00D62A19 /* NearbyInteraction-Sandbox */,
			);
		};
/* End PBXProject section */

/* Begin PBXResourcesBuildPhase section */
		237669B12851FFEA00D62A19 /* Resources */ = {
			isa = PBXResourcesBuildPhase;
			buildActionMask = 2147483647;
			files = (
				23D53730285AD575008328B0 /* MultipeerViewController.storyboard in Resources */,
				237669C32851FFEB00D62A19 /* LaunchScreen.storyboard in Resources */,
				237669C02851FFEB00D62A19 /* Assets.xcassets in Resources */,
				237669D7285204BC00D62A19 /* ServerViewController.storyboard in Resources */,
				237669BE2851FFEA00D62A19 /* Main.storyboard in Resources */,
				235DC77C28ABCA95007E5E2E /* nisandbox-example.gif in Resources */,
				234B019B28AADCA8000F55F1 /* MultipeerSettingsViewController.storyboard in Resources */,
			);
			runOnlyForDeploymentPostprocessing = 0;
		};
/* End PBXResourcesBuildPhase section */

/* Begin PBXShellScriptBuildPhase section */
		4E71476669422643EF83F324 /* [CP] Check Pods Manifest.lock */ = {
			isa = PBXShellScriptBuildPhase;
			buildActionMask = 2147483647;
			files = (
			);
			inputFileListPaths = (
			);
			inputPaths = (
				"${PODS_PODFILE_DIR_PATH}/Podfile.lock",
				"${PODS_ROOT}/Manifest.lock",
			);
			name = "[CP] Check Pods Manifest.lock";
			outputFileListPaths = (
			);
			outputPaths = (
				"$(DERIVED_FILE_DIR)/Pods-NearbyInteraction-Sandbox-checkManifestLockResult.txt",
			);
			runOnlyForDeploymentPostprocessing = 0;
			shellPath = /bin/sh;
			shellScript = "diff \"${PODS_PODFILE_DIR_PATH}/Podfile.lock\" \"${PODS_ROOT}/Manifest.lock\" > /dev/null\nif [ $? != 0 ] ; then\n    # print error to STDERR\n    echo \"error: The sandbox is not in sync with the Podfile.lock. Run 'pod install' or update your CocoaPods installation.\" >&2\n    exit 1\nfi\n# This output is used by Xcode 'outputs' to avoid re-running this script phase.\necho \"SUCCESS\" > \"${SCRIPT_OUTPUT_FILE_0}\"\n";
			showEnvVarsInLog = 0;
		};
		6D8F23041D804A25809E0102 /* [CP] Embed Pods Frameworks */ = {
			isa = PBXShellScriptBuildPhase;
			buildActionMask = 2147483647;
			files = (
			);
			inputFileListPaths = (
				"${PODS_ROOT}/Target Support Files/Pods-NearbyInteraction-Sandbox/Pods-NearbyInteraction-Sandbox-frameworks-${CONFIGURATION}-input-files.xcfilelist",
			);
			name = "[CP] Embed Pods Frameworks";
			outputFileListPaths = (
				"${PODS_ROOT}/Target Support Files/Pods-NearbyInteraction-Sandbox/Pods-NearbyInteraction-Sandbox-frameworks-${CONFIGURATION}-output-files.xcfilelist",
			);
			runOnlyForDeploymentPostprocessing = 0;
			shellPath = /bin/sh;
			shellScript = "\"${PODS_ROOT}/Target Support Files/Pods-NearbyInteraction-Sandbox/Pods-NearbyInteraction-Sandbox-frameworks.sh\"\n";
			showEnvVarsInLog = 0;
		};
/* End PBXShellScriptBuildPhase section */

/* Begin PBXSourcesBuildPhase section */
		237669AF2851FFEA00D62A19 /* Sources */ = {
			isa = PBXSourcesBuildPhase;
			buildActionMask = 2147483647;
			files = (
				23D53732285AD57D008328B0 /* MultipeerViewController.swift in Sources */,
				2319363E28A3DF26000F7365 /* SandboxDTO.swift in Sources */,
				237669D92852073900D62A19 /* ServerViewController.swift in Sources */,
				237669BB2851FFEA00D62A19 /* ViewController.swift in Sources */,
				23D53736285AEDF7008328B0 /* UIViewController+alert.swift in Sources */,
				2319364028A4CC8B000F7365 /* MultipeerConnectionState.swift in Sources */,
				237669B72851FFEA00D62A19 /* AppDelegate.swift in Sources */,
				237669D5285203CA00D62A19 /* APIManager.swift in Sources */,
				237669B92851FFEA00D62A19 /* SceneDelegate.swift in Sources */,
				234B019928AADC9D000F55F1 /* MultipeerSettingsViewController.swift in Sources */,
			);
			runOnlyForDeploymentPostprocessing = 0;
		};
/* End PBXSourcesBuildPhase section */

/* Begin PBXVariantGroup section */
		237669BC2851FFEA00D62A19 /* Main.storyboard */ = {
			isa = PBXVariantGroup;
			children = (
				237669BD2851FFEA00D62A19 /* Base */,
			);
			name = Main.storyboard;
			sourceTree = "<group>";
		};
		237669C12851FFEB00D62A19 /* LaunchScreen.storyboard */ = {
			isa = PBXVariantGroup;
			children = (
				237669C22851FFEB00D62A19 /* Base */,
			);
			name = LaunchScreen.storyboard;
			sourceTree = "<group>";
		};
/* End PBXVariantGroup section */

/* Begin XCBuildConfiguration section */
		237669C52851FFEB00D62A19 /* Debug */ = {
			isa = XCBuildConfiguration;
			buildSettings = {
				ALWAYS_SEARCH_USER_PATHS = NO;
				CLANG_ANALYZER_NONNULL = YES;
				CLANG_ANALYZER_NUMBER_OBJECT_CONVERSION = YES_AGGRESSIVE;
				CLANG_CXX_LANGUAGE_STANDARD = "gnu++17";
				CLANG_CXX_LIBRARY = "libc++";
				CLANG_ENABLE_MODULES = YES;
				CLANG_ENABLE_OBJC_ARC = YES;
				CLANG_ENABLE_OBJC_WEAK = YES;
				CLANG_WARN_BLOCK_CAPTURE_AUTORELEASING = YES;
				CLANG_WARN_BOOL_CONVERSION = YES;
				CLANG_WARN_COMMA = YES;
				CLANG_WARN_CONSTANT_CONVERSION = YES;
				CLANG_WARN_DEPRECATED_OBJC_IMPLEMENTATIONS = YES;
				CLANG_WARN_DIRECT_OBJC_ISA_USAGE = YES_ERROR;
				CLANG_WARN_DOCUMENTATION_COMMENTS = YES;
				CLANG_WARN_EMPTY_BODY = YES;
				CLANG_WARN_ENUM_CONVERSION = YES;
				CLANG_WARN_INFINITE_RECURSION = YES;
				CLANG_WARN_INT_CONVERSION = YES;
				CLANG_WARN_NON_LITERAL_NULL_CONVERSION = YES;
				CLANG_WARN_OBJC_IMPLICIT_RETAIN_SELF = YES;
				CLANG_WARN_OBJC_LITERAL_CONVERSION = YES;
				CLANG_WARN_OBJC_ROOT_CLASS = YES_ERROR;
				CLANG_WARN_QUOTED_INCLUDE_IN_FRAMEWORK_HEADER = YES;
				CLANG_WARN_RANGE_LOOP_ANALYSIS = YES;
				CLANG_WARN_STRICT_PROTOTYPES = YES;
				CLANG_WARN_SUSPICIOUS_MOVE = YES;
				CLANG_WARN_UNGUARDED_AVAILABILITY = YES_AGGRESSIVE;
				CLANG_WARN_UNREACHABLE_CODE = YES;
				CLANG_WARN__DUPLICATE_METHOD_MATCH = YES;
				COPY_PHASE_STRIP = NO;
				DEBUG_INFORMATION_FORMAT = dwarf;
				ENABLE_STRICT_OBJC_MSGSEND = YES;
				ENABLE_TESTABILITY = YES;
				GCC_C_LANGUAGE_STANDARD = gnu11;
				GCC_DYNAMIC_NO_PIC = NO;
				GCC_NO_COMMON_BLOCKS = YES;
				GCC_OPTIMIZATION_LEVEL = 0;
				GCC_PREPROCESSOR_DEFINITIONS = (
					"DEBUG=1",
					"$(inherited)",
				);
				GCC_WARN_64_TO_32_BIT_CONVERSION = YES;
				GCC_WARN_ABOUT_RETURN_TYPE = YES_ERROR;
				GCC_WARN_UNDECLARED_SELECTOR = YES;
				GCC_WARN_UNINITIALIZED_AUTOS = YES_AGGRESSIVE;
				GCC_WARN_UNUSED_FUNCTION = YES;
				GCC_WARN_UNUSED_VARIABLE = YES;
				IPHONEOS_DEPLOYMENT_TARGET = 15.2;
				MTL_ENABLE_DEBUG_INFO = INCLUDE_SOURCE;
				MTL_FAST_MATH = YES;
				ONLY_ACTIVE_ARCH = YES;
				SDKROOT = iphoneos;
				SWIFT_ACTIVE_COMPILATION_CONDITIONS = DEBUG;
				SWIFT_OPTIMIZATION_LEVEL = "-Onone";
			};
			name = Debug;
		};
		237669C62851FFEB00D62A19 /* Release */ = {
			isa = XCBuildConfiguration;
			buildSettings = {
				ALWAYS_SEARCH_USER_PATHS = NO;
				CLANG_ANALYZER_NONNULL = YES;
				CLANG_ANALYZER_NUMBER_OBJECT_CONVERSION = YES_AGGRESSIVE;
				CLANG_CXX_LANGUAGE_STANDARD = "gnu++17";
				CLANG_CXX_LIBRARY = "libc++";
				CLANG_ENABLE_MODULES = YES;
				CLANG_ENABLE_OBJC_ARC = YES;
				CLANG_ENABLE_OBJC_WEAK = YES;
				CLANG_WARN_BLOCK_CAPTURE_AUTORELEASING = YES;
				CLANG_WARN_BOOL_CONVERSION = YES;
				CLANG_WARN_COMMA = YES;
				CLANG_WARN_CONSTANT_CONVERSION = YES;
				CLANG_WARN_DEPRECATED_OBJC_IMPLEMENTATIONS = YES;
				CLANG_WARN_DIRECT_OBJC_ISA_USAGE = YES_ERROR;
				CLANG_WARN_DOCUMENTATION_COMMENTS = YES;
				CLANG_WARN_EMPTY_BODY = YES;
				CLANG_WARN_ENUM_CONVERSION = YES;
				CLANG_WARN_INFINITE_RECURSION = YES;
				CLANG_WARN_INT_CONVERSION = YES;
				CLANG_WARN_NON_LITERAL_NULL_CONVERSION = YES;
				CLANG_WARN_OBJC_IMPLICIT_RETAIN_SELF = YES;
				CLANG_WARN_OBJC_LITERAL_CONVERSION = YES;
				CLANG_WARN_OBJC_ROOT_CLASS = YES_ERROR;
				CLANG_WARN_QUOTED_INCLUDE_IN_FRAMEWORK_HEADER = YES;
				CLANG_WARN_RANGE_LOOP_ANALYSIS = YES;
				CLANG_WARN_STRICT_PROTOTYPES = YES;
				CLANG_WARN_SUSPICIOUS_MOVE = YES;
				CLANG_WARN_UNGUARDED_AVAILABILITY = YES_AGGRESSIVE;
				CLANG_WARN_UNREACHABLE_CODE = YES;
				CLANG_WARN__DUPLICATE_METHOD_MATCH = YES;
				COPY_PHASE_STRIP = NO;
				DEBUG_INFORMATION_FORMAT = "dwarf-with-dsym";
				ENABLE_NS_ASSERTIONS = NO;
				ENABLE_STRICT_OBJC_MSGSEND = YES;
				GCC_C_LANGUAGE_STANDARD = gnu11;
				GCC_NO_COMMON_BLOCKS = YES;
				GCC_WARN_64_TO_32_BIT_CONVERSION = YES;
				GCC_WARN_ABOUT_RETURN_TYPE = YES_ERROR;
				GCC_WARN_UNDECLARED_SELECTOR = YES;
				GCC_WARN_UNINITIALIZED_AUTOS = YES_AGGRESSIVE;
				GCC_WARN_UNUSED_FUNCTION = YES;
				GCC_WARN_UNUSED_VARIABLE = YES;
				IPHONEOS_DEPLOYMENT_TARGET = 15.2;
				MTL_ENABLE_DEBUG_INFO = NO;
				MTL_FAST_MATH = YES;
				SDKROOT = iphoneos;
				SWIFT_COMPILATION_MODE = wholemodule;
				SWIFT_OPTIMIZATION_LEVEL = "-O";
				VALIDATE_PRODUCT = YES;
			};
			name = Release;
		};
		237669C82851FFEB00D62A19 /* Debug */ = {
			isa = XCBuildConfiguration;
			baseConfigurationReference = 0B9D061B0B7E78FDCAD9B50D /* Pods-NearbyInteraction-Sandbox.debug.xcconfig */;
			buildSettings = {
				ASSETCATALOG_COMPILER_APPICON_NAME = AppIcon;
				ASSETCATALOG_COMPILER_GLOBAL_ACCENT_COLOR_NAME = AccentColor;
				CODE_SIGN_STYLE = Automatic;
				CURRENT_PROJECT_VERSION = 1;
				DEVELOPMENT_TEAM = S256F93A4R;
				"EXCLUDED_ARCHS[sdk=iphonesimulator*]" = arm64;
				GENERATE_INFOPLIST_FILE = YES;
				INFOPLIST_FILE = "NearbyInteraction-Sandbox/Resources/Info.plist";
				INFOPLIST_KEY_UIApplicationSupportsIndirectInputEvents = YES;
				INFOPLIST_KEY_UILaunchStoryboardName = LaunchScreen;
				INFOPLIST_KEY_UIMainStoryboardFile = Main;
				INFOPLIST_KEY_UISupportedInterfaceOrientations_iPad = "UIInterfaceOrientationPortrait UIInterfaceOrientationPortraitUpsideDown UIInterfaceOrientationLandscapeLeft UIInterfaceOrientationLandscapeRight";
				INFOPLIST_KEY_UISupportedInterfaceOrientations_iPhone = "UIInterfaceOrientationPortrait UIInterfaceOrientationLandscapeLeft UIInterfaceOrientationLandscapeRight";
				IPHONEOS_DEPLOYMENT_TARGET = 14.0;
				LD_RUNPATH_SEARCH_PATHS = (
					"$(inherited)",
					"@executable_path/Frameworks",
				);
				MARKETING_VERSION = 1.0;
				PRODUCT_BUNDLE_IDENTIFIER = "pressanykeyplease.NearbyInteraction-Sandbox";
				PRODUCT_NAME = "$(TARGET_NAME)";
				SWIFT_EMIT_LOC_STRINGS = YES;
				SWIFT_VERSION = 5.0;
				TARGETED_DEVICE_FAMILY = 1;
			};
			name = Debug;
		};
		237669C92851FFEB00D62A19 /* Release */ = {
			isa = XCBuildConfiguration;
			baseConfigurationReference = EE5327445737D93334F726ED /* Pods-NearbyInteraction-Sandbox.release.xcconfig */;
			buildSettings = {
				ASSETCATALOG_COMPILER_APPICON_NAME = AppIcon;
				ASSETCATALOG_COMPILER_GLOBAL_ACCENT_COLOR_NAME = AccentColor;
				CODE_SIGN_STYLE = Automatic;
				CURRENT_PROJECT_VERSION = 1;
				DEVELOPMENT_TEAM = S256F93A4R;
				"EXCLUDED_ARCHS[sdk=iphonesimulator*]" = arm64;
				GENERATE_INFOPLIST_FILE = YES;
				INFOPLIST_FILE = "NearbyInteraction-Sandbox/Resources/Info.plist";
				INFOPLIST_KEY_UIApplicationSupportsIndirectInputEvents = YES;
				INFOPLIST_KEY_UILaunchStoryboardName = LaunchScreen;
				INFOPLIST_KEY_UIMainStoryboardFile = Main;
				INFOPLIST_KEY_UISupportedInterfaceOrientations_iPad = "UIInterfaceOrientationPortrait UIInterfaceOrientationPortraitUpsideDown UIInterfaceOrientationLandscapeLeft UIInterfaceOrientationLandscapeRight";
				INFOPLIST_KEY_UISupportedInterfaceOrientations_iPhone = "UIInterfaceOrientationPortrait UIInterfaceOrientationLandscapeLeft UIInterfaceOrientationLandscapeRight";
				IPHONEOS_DEPLOYMENT_TARGET = 14.0;
				LD_RUNPATH_SEARCH_PATHS = (
					"$(inherited)",
					"@executable_path/Frameworks",
				);
				MARKETING_VERSION = 1.0;
				PRODUCT_BUNDLE_IDENTIFIER = "pressanykeyplease.NearbyInteraction-Sandbox";
				PRODUCT_NAME = "$(TARGET_NAME)";
				SWIFT_EMIT_LOC_STRINGS = YES;
				SWIFT_VERSION = 5.0;
				TARGETED_DEVICE_FAMILY = 1;
			};
			name = Release;
		};
/* End XCBuildConfiguration section */

/* Begin XCConfigurationList section */
		237669AE2851FFEA00D62A19 /* Build configuration list for PBXProject "NearbyInteraction-Sandbox" */ = {
			isa = XCConfigurationList;
			buildConfigurations = (
				237669C52851FFEB00D62A19 /* Debug */,
				237669C62851FFEB00D62A19 /* Release */,
			);
			defaultConfigurationIsVisible = 0;
			defaultConfigurationName = Release;
		};
		237669C72851FFEB00D62A19 /* Build configuration list for PBXNativeTarget "NearbyInteraction-Sandbox" */ = {
			isa = XCConfigurationList;
			buildConfigurations = (
				237669C82851FFEB00D62A19 /* Debug */,
				237669C92851FFEB00D62A19 /* Release */,
			);
			defaultConfigurationIsVisible = 0;
			defaultConfigurationName = Release;
		};
/* End XCConfigurationList section */
	};
	rootObject = 237669AB2851FFEA00D62A19 /* Project object */;
}
